
Microsoft Visual Studio Solution File, Format Version 12.00
Project("{FAE04EC0-301F-11D3-BF4B-00C04F79EFBC}") = "zlap_mnie_app", "zlap_mnie_app\zlap_mnie_app.csproj", "{FC611A75-F852-44E1-B916-16AE2583582A}"
EndProject
Global
	GlobalSection(SolutionConfigurationPlatforms) = preSolution
		Debug|Any CPU = Debug|Any CPU
		Release|Any CPU = Release|Any CPU
	EndGlobalSection
	GlobalSection(ProjectConfigurationPlatforms) = postSolution
		{FC611A75-F852-44E1-B916-16AE2583582A}.Debug|Any CPU.ActiveCfg = Debug|Any CPU
		{FC611A75-F852-44E1-B916-16AE2583582A}.Debug|Any CPU.Build.0 = Debug|Any CPU
		{FC611A75-F852-44E1-B916-16AE2583582A}.Release|Any CPU.ActiveCfg = Release|Any CPU
		{FC611A75-F852-44E1-B916-16AE2583582A}.Release|Any CPU.Build.0 = Release|Any CPU
	EndGlobalSection
EndGlobal
